
Microsoft Visual Studio Solution File, Format Version 12.00
# Visual Studio Version 17
VisualStudioVersion = 17.2.32602.215
MinimumVisualStudioVersion = 10.0.40219.1
Project("{FAE04EC0-301F-11D3-BF4B-00C04F79EFBC}") = "EmployeeWageComputationProblem", "EmployeeWageComputationProblem\EmployeeWageComputationProblem.csproj", "{4A8821E7-0297-42AB-B549-989DA5F47C6F}"
EndProject
Global
	GlobalSection(SolutionConfigurationPlatforms) = preSolution
		Debug|Any CPU = Debug|Any CPU
		Release|Any CPU = Release|Any CPU
	EndGlobalSection
	GlobalSection(ProjectConfigurationPlatforms) = postSolution
		{4A8821E7-0297-42AB-B549-989DA5F47C6F}.Debug|Any CPU.ActiveCfg = Debug|Any CPU
		{4A8821E7-0297-42AB-B549-989DA5F47C6F}.Debug|Any CPU.Build.0 = Debug|Any CPU
		{4A8821E7-0297-42AB-B549-989DA5F47C6F}.Release|Any CPU.ActiveCfg = Release|Any CPU
		{4A8821E7-0297-42AB-B549-989DA5F47C6F}.Release|Any CPU.Build.0 = Release|Any CPU
	EndGlobalSection
	GlobalSection(SolutionProperties) = preSolution
		HideSolutionNode = FALSE
	EndGlobalSection
	GlobalSection(ExtensibilityGlobals) = postSolution
		SolutionGuid = {622FED0E-DD64-4C85-AF20-0C12D5766BC4}
	EndGlobalSection
EndGlobal
